
Microsoft Visual Studio Solution File, Format Version 12.00
# Visual Studio Version 17
VisualStudioVersion = 17.14.36518.9 d17.14
MinimumVisualStudioVersion = 10.0.40219.1
Project("{FAE04EC0-301F-11D3-BF4B-00C04F79EFBC}") = "speech to text", "speech to text.csproj", "{EBBF8E71-E81B-426A-929C-F58D740F691E}"
EndProject
Global
	GlobalSection(SolutionConfigurationPlatforms) = preSolution
		Debug|Any CPU = Debug|Any CPU
		Debug|x64 = Debug|x64
		Release|Any CPU = Release|Any CPU
		Release|x64 = Release|x64
	EndGlobalSection
	GlobalSection(ProjectConfigurationPlatforms) = postSolution
		{EBBF8E71-E81B-426A-929C-F58D740F691E}.Debug|Any CPU.ActiveCfg = Debug|Any CPU
		{EBBF8E71-E81B-426A-929C-F58D740F691E}.Debug|Any CPU.Build.0 = Debug|Any CPU
		{EBBF8E71-E81B-426A-929C-F58D740F691E}.Debug|x64.ActiveCfg = Debug|x64
		{EBBF8E71-E81B-426A-929C-F58D740F691E}.Debug|x64.Build.0 = Debug|x64
		{EBBF8E71-E81B-426A-929C-F58D740F691E}.Release|Any CPU.ActiveCfg = Release|Any CPU
		{EBBF8E71-E81B-426A-929C-F58D740F691E}.Release|Any CPU.Build.0 = Release|Any CPU
		{EBBF8E71-E81B-426A-929C-F58D740F691E}.Release|x64.ActiveCfg = Release|x64
		{EBBF8E71-E81B-426A-929C-F58D740F691E}.Release|x64.Build.0 = Release|x64
	EndGlobalSection
	GlobalSection(SolutionProperties) = preSolution
		HideSolutionNode = FALSE
	EndGlobalSection
	GlobalSection(ExtensibilityGlobals) = postSolution
		SolutionGuid = {0817ADA1-7CDB-44D0-9BFF-7AB2216A9E24}
	EndGlobalSection
EndGlobal
